
Microsoft Visual Studio Solution File, Format Version 12.00
# Visual Studio Version 17
VisualStudioVersion = 17.0.32014.148
MinimumVisualStudioVersion = 10.0.40219.1
Project("{FAE04EC0-301F-11D3-BF4B-00C04F79EFBC}") = "DataGen.Library", "DataGen.Library\DataGen.Library.csproj", "{75506826-DADD-458D-8C2F-0BC00E0534BC}"
EndProject
Project("{FAE04EC0-301F-11D3-BF4B-00C04F79EFBC}") = "DataGen.Test", "DataGen.Test\DataGen.Test.csproj", "{CD7A31E7-33CE-454F-8CC3-8D6B2563AE45}"
EndProject
Global
	GlobalSection(SolutionConfigurationPlatforms) = preSolution
		Debug|Any CPU = Debug|Any CPU
		Release|Any CPU = Release|Any CPU
	EndGlobalSection
	GlobalSection(ProjectConfigurationPlatforms) = postSolution
		{75506826-DADD-458D-8C2F-0BC00E0534BC}.Debug|Any CPU.ActiveCfg = Debug|Any CPU
		{75506826-DADD-458D-8C2F-0BC00E0534BC}.Debug|Any CPU.Build.0 = Debug|Any CPU
		{75506826-DADD-458D-8C2F-0BC00E0534BC}.Release|Any CPU.ActiveCfg = Release|Any CPU
		{75506826-DADD-458D-8C2F-0BC00E0534BC}.Release|Any CPU.Build.0 = Release|Any CPU
		{CD7A31E7-33CE-454F-8CC3-8D6B2563AE45}.Debug|Any CPU.ActiveCfg = Debug|Any CPU
		{CD7A31E7-33CE-454F-8CC3-8D6B2563AE45}.Debug|Any CPU.Build.0 = Debug|Any CPU
		{CD7A31E7-33CE-454F-8CC3-8D6B2563AE45}.Release|Any CPU.ActiveCfg = Release|Any CPU
		{CD7A31E7-33CE-454F-8CC3-8D6B2563AE45}.Release|Any CPU.Build.0 = Release|Any CPU
	EndGlobalSection
	GlobalSection(SolutionProperties) = preSolution
		HideSolutionNode = FALSE
	EndGlobalSection
	GlobalSection(ExtensibilityGlobals) = postSolution
		SolutionGuid = {4A962DAA-2FDE-4792-991D-AE27B3065964}
	EndGlobalSection
EndGlobal
